{
  "name": "demo-static-node",
  "version": "1.0.0",
  "lockfileVersion": 3,
  "requires": true,
  "packages": {
    "": {
      "name": "demo-static-node",
      "version": "1.0.0",
      "dependencies": {
        "express": "^4.18.2"
      },
      "devDependencies": {
        "jest": "^29.7.0",
        "supertest": "^6.3.4"
      }
    },
    "node_modules/express": {
      "version": "4.18.2",
      "resolved": "https://registry.npmjs.org/express/-/express-4.18.2.tgz",
      "integrity": "sha512-xxxxxxxxxxxx"
    },
    "node_modules/jest": {
      "version": "29.7.0",
      "resolved": "https://registry.npmjs.org/jest/-/jest-29.7.0.tgz",
      "integrity": "sha512-xxxxxxxxxxxx"
    },
    "node_modules/supertest": {
      "version": "6.3.4",
      "resolved": "https://registry.npmjs.org/supertest/-/supertest-6.3.4.tgz",
      "integrity": "sha512-xxxxxxxxxxxx"
    }
  }
}
